{
    "_readme": [
        "This file locks the dependencies of your project to a known state",
        "Read more about it at https://getcomposer.org/doc/01-basic-usage.md#installing-dependencies",
        "This file is @generated automatically"
    ],
    "content-hash": "54688e2adbda440dcacddda67eb44bf0",
    "packages": [
        {
            "name": "erusev/parsedown",
            "version": "v2.0.0-beta-1",
            "source": {
                "type": "git",
                "url": "https://github.com/erusev/parsedown.git",
                "reference": "32278afaf36c758de026b66661d3afd6dfbea743"
            },
            "dist": {
                "type": "zip",
                "url": "https://api.github.com/repos/erusev/parsedown/zipball/32278afaf36c758de026b66661d3afd6dfbea743",
                "reference": "32278afaf36c758de026b66661d3afd6dfbea743",
                "shasum": ""
            },
            "require": {
                "ext-mbstring": "*",
                "php": "^7.1||^8.0"
            },
            "require-dev": {
                "friendsofphp/php-cs-fixer": "^3.0.0",
                "infection/infection": "^0.25.0",
                "phpunit/phpunit": "^9.3.11||^8.5.21||^7.5.20",
                "roave/infection-static-analysis-plugin": "^1.10.0",
                "vimeo/psalm": "^4.10.0"
            },
            "type": "library",
            "autoload": {
                "psr-4": {
                    "Erusev\\Parsedown\\": "src/"
                }
            },
            "notification-url": "https://packagist.org/downloads/",
            "license": [
                "MIT"
            ],
            "authors": [
                {
                    "name": "Emanuil Rusev",
                    "email": "hello@erusev.com",
                    "homepage": "http://erusev.com"
                }
            ],
            "description": "Parser for Markdown.",
            "homepage": "http://parsedown.org",
            "keywords": [
                "markdown",
                "parser"
            ],
            "support": {
                "issues": "https://github.com/erusev/parsedown/issues",
                "source": "https://github.com/erusev/parsedown/tree/v2.0.0-beta-1"
            },
            "time": "2022-05-21T21:40:24+00:00"
        },
        {
            "name": "erusev/parsedown-extra",
            "version": "v2.0.0-beta-1",
            "source": {
                "type": "git",
                "url": "https://github.com/erusev/parsedown-extra.git",
                "reference": "aaed6a888230a9ffb5ef35e9f403ba2b5e4e21ef"
            },
            "dist": {
                "type": "zip",
                "url": "https://api.github.com/repos/erusev/parsedown-extra/zipball/aaed6a888230a9ffb5ef35e9f403ba2b5e4e21ef",
                "reference": "aaed6a888230a9ffb5ef35e9f403ba2b5e4e21ef",
                "shasum": ""
            },
            "require": {
                "erusev/parsedown": "^2.0.0|^2.0.0-beta-1",
                "ext-mbstring": "*",
                "php": "^7.1||^8.0"
            },
            "require-dev": {
                "friendsofphp/php-cs-fixer": "^3.0.0",
                "infection/infection": "^0.25.0",
                "phpunit/phpunit": "^9.3.11||^8.5.21||^7.5.20",
                "roave/infection-static-analysis-plugin": "^1.10.0",
                "vimeo/psalm": "^4.10.0"
            },
            "type": "library",
            "autoload": {
                "psr-4": {
                    "Erusev\\ParsedownExtra\\": "src/"
                }
            },
            "notification-url": "https://packagist.org/downloads/",
            "license": [
                "MIT"
            ],
            "authors": [
                {
                    "name": "Emanuil Rusev",
                    "email": "hello@erusev.com",
                    "homepage": "http://erusev.com"
                }
            ],
            "description": "An extension of Parsedown that adds support for Markdown Extra.",
            "homepage": "https://github.com/erusev/parsedown-extra",
            "keywords": [
                "markdown",
                "markdown extra",
                "parsedown",
                "parser"
            ],
            "support": {
                "issues": "https://github.com/erusev/parsedown-extra/issues",
                "source": "https://github.com/erusev/parsedown-extra/tree/v2.0.0-beta-1"
            },
            "time": "2022-05-21T21:46:56+00:00"
        },
        {
            "name": "j9rem/lehyen-skang-app",
            "version": "dev-master",
            "source": {
                "type": "git",
                "url": "https://github.com/J9rem/LehyenSkangApp.git",
                "reference": "31d8c96e38f2d5790a1b3db9a698747511fe4961"
            },
            "dist": {
                "type": "zip",
                "url": "https://api.github.com/repos/J9rem/LehyenSkangApp/zipball/31d8c96e38f2d5790a1b3db9a698747511fe4961",
                "reference": "31d8c96e38f2d5790a1b3db9a698747511fe4961",
                "shasum": ""
            },
            "require": {
                "erusev/parsedown": "2.0.0-beta-1 as 1.7.4",
                "erusev/parsedown-extra": "2.0.0-beta-1 as 0.8.1",
                "ext-dom": "*",
                "ext-filter": "*",
                "ext-json": "*",
                "ext-mbstring": "*",
                "ext-pcre": "*",
                "php": "^7.4||^8.1",
                "picocms/composer-installer": "dev-pico-3.0",
                "picocms/pico": "dev-pico-3.0"
            },
            "require-dev": {
                "phpunit/phpunit": "^9.0"
            },
            "default-branch": true,
            "type": "library",
            "extra": {
                "pico-plugin-dir": "vendor/picocms/plugins/",
                "pico-theme-dir": "vendor/picocms/themes/"
            },
            "autoload": {
                "psr-4": {
                    "LehyenSkang\\": "src/php"
                }
            },
            "archive": {
                "exclude": [
                    "node_modules",
                    "/archives",
                    "/*.zip",
                    "/*.gz",
                    "/*.bz2",
                    "vendor/picocms/plugins/*/tests/"
                ]
            },
            "license": [
                "EUPL-1.2"
            ],
            "authors": [
                {
                    "name": "Jérémy Dufraisse",
                    "homepage": "https://github.com/J9rem",
                    "role": "Lead developer"
                }
            ],
            "description": "Application for LehyenSkang project for a light CMS based on PicoCMS",
            "homepage": "https://github.com/J9rem/LehyenSkang",
            "keywords": [
                "lehyenskang",
                "pico",
                "picocms"
            ],
            "support": {
                "docs": "https://github.com/J9rem/LehyenSkangApp/src/branch/master/README.md",
                "issues": "https://github.com/J9rem/LehyenSkangApp/issues",
                "source": "https://github.com/J9rem/LehyenSkangApp"
            },
            "time": "2023-12-30T21:37:56+00:00"
        },
        {
            "name": "picocms/composer-installer",
            "version": "dev-pico-3.0",
            "source": {
                "type": "git",
                "url": "https://github.com/picocms/composer-installer.git",
                "reference": "8e59c0f0ab55af384b4a788179de4e169bb1f60e"
            },
            "dist": {
                "type": "zip",
                "url": "https://api.github.com/repos/picocms/composer-installer/zipball/8e59c0f0ab55af384b4a788179de4e169bb1f60e",
                "reference": "8e59c0f0ab55af384b4a788179de4e169bb1f60e",
                "shasum": ""
            },
            "require": {
                "composer-plugin-api": "^2.1",
                "php": ">=7.2"
            },
            "type": "composer-plugin",
            "extra": {
                "class": "picocms\\ComposerInstaller\\Plugin",
                "branch-alias": {
                    "dev-master": "1.0.x-dev",
                    "dev-pico-3.0": "2.0.x-dev"
                }
            },
            "autoload": {
                "psr-4": {
                    "picocms\\ComposerInstaller\\": "src"
                }
            },
            "notification-url": "https://packagist.org/downloads/",
            "license": [
                "MIT"
            ],
            "authors": [
                {
                    "name": "Daniel Rudolf",
                    "email": "picocms.org@daniel-rudolf.de",
                    "role": "Lead Developer"
                },
                {
                    "name": "The Pico Community",
                    "homepage": "https://picocms.org/"
                },
                {
                    "name": "Contributors",
                    "homepage": "https://github.com/picocms/composer-installer/graphs/contributors"
                }
            ],
            "description": "A composer plugin responsible for installing plugins and themes for Pico, a stupidly simple, blazing fast, flat file CMS.",
            "homepage": "https://picocms.org/",
            "keywords": [
                "composer",
                "composer-installer",
                "composer-plugin",
                "pico",
                "pico-cms",
                "picocms",
                "picocms-installer",
                "picocms-plugin",
                "picocms-theme"
            ],
            "support": {
                "issues": "https://github.com/picocms/composer-installer/issues",
                "source": "https://github.com/picocms/composer-installer"
            },
            "time": "2022-02-27T16:50:04+00:00"
        },
        {
            "name": "picocms/pico",
            "version": "dev-pico-3.0",
            "source": {
                "type": "git",
                "url": "https://github.com/picocms/Pico.git",
                "reference": "ae9a8ebbba3dcdf0a6728d760eaf7b03aa0a5f14"
            },
            "dist": {
                "type": "zip",
                "url": "https://api.github.com/repos/picocms/Pico/zipball/ae9a8ebbba3dcdf0a6728d760eaf7b03aa0a5f14",
                "reference": "ae9a8ebbba3dcdf0a6728d760eaf7b03aa0a5f14",
                "shasum": ""
            },
            "require": {
                "erusev/parsedown": "1.7.4",
                "erusev/parsedown-extra": "0.8.1",
                "ext-mbstring": "*",
                "php": ">=7.2.5",
                "symfony/yaml": "^5.4.3",
                "twig/twig": "^3.3.8"
            },
            "suggest": {
                "picocms/composer-installer": "This Composer plugin is responsible for installing Pico plugins and themes using the Composer package manager.",
                "picocms/pico-deprecated": "PicoDeprecated's purpose is to maintain backward compatibility to older versions of Pico.",
                "picocms/pico-theme": "Pico requires a theme to actually display the contents of your website. This is Pico's official default theme."
            },
            "type": "library",
            "extra": {
                "allow-plugins": {
                    "picocms/*": true
                },
                "branch-alias": {
                    "dev-master": "2.1.x-dev",
                    "dev-pico-3.0": "3.0.x-dev"
                }
            },
            "autoload": {
                "psr-4": {
                    "": "lib/"
                }
            },
            "notification-url": "https://packagist.org/downloads/",
            "license": [
                "MIT"
            ],
            "authors": [
                {
                    "name": "Gilbert Pellegrom",
                    "email": "gilbert@pellegrom.me",
                    "role": "Project Founder"
                },
                {
                    "name": "Daniel Rudolf",
                    "email": "picocms.org@daniel-rudolf.de",
                    "role": "Lead Developer"
                },
                {
                    "name": "The Pico Community",
                    "homepage": "https://picocms.org/"
                },
                {
                    "name": "Contributors",
                    "homepage": "https://github.com/picocms/Pico/graphs/contributors"
                }
            ],
            "description": "Pico is a flat file CMS, this means there is no administration backend and database to deal with. You simply create .md files in the \"content\" folder and that becomes a page.",
            "homepage": "https://picocms.org/",
            "keywords": [
                "Simple",
                "cms",
                "content-management",
                "flat-file",
                "markdown",
                "markdown-to-html",
                "php",
                "pico",
                "pico-cms",
                "picocms",
                "twig",
                "website",
                "yaml"
            ],
            "support": {
                "docs": "https://picocms.org/docs",
                "issues": "https://github.com/picocms/Pico/issues",
                "source": "https://github.com/picocms/Pico"
            },
            "funding": [
                {
                    "url": "https://www.bountysource.com/teams/picocms",
                    "type": "custom"
                }
            ],
            "time": "2023-12-30T21:52:08+00:00"
        },
        {
            "name": "picocms/pico-theme",
            "version": "dev-pico-3.0",
            "source": {
                "type": "git",
                "url": "https://github.com/picocms/pico-theme.git",
                "reference": "f322a0bbdd115ee1ad14fc50b96a07e79b2a9bd4"
            },
            "dist": {
                "type": "zip",
                "url": "https://api.github.com/repos/picocms/pico-theme/zipball/f322a0bbdd115ee1ad14fc50b96a07e79b2a9bd4",
                "reference": "f322a0bbdd115ee1ad14fc50b96a07e79b2a9bd4",
                "shasum": ""
            },
            "require": {
                "picocms/pico": "self.version"
            },
            "type": "pico-theme",
            "extra": {
                "installer-name": "default",
                "branch-alias": {
                    "dev-master": "2.1.x-dev",
                    "dev-pico-3.0": "3.0.x-dev"
                }
            },
            "notification-url": "https://packagist.org/downloads/",
            "license": [
                "MIT"
            ],
            "authors": [
                {
                    "name": "Daniel Rudolf",
                    "email": "picocms.org@daniel-rudolf.de",
                    "role": "Lead Developer"
                },
                {
                    "name": "The Pico Community",
                    "homepage": "https://picocms.org/"
                },
                {
                    "name": "Contributors",
                    "homepage": "https://github.com/picocms/pico-theme/graphs/contributors"
                }
            ],
            "description": "This is Pico's official default theme. Pico is a stupidly simple, blazing fast, flat file CMS.",
            "homepage": "https://picocms.org/",
            "keywords": [
                "default-theme",
                "pico",
                "pico-theme",
                "picocms",
                "picocms-theme"
            ],
            "support": {
                "docs": "https://picocms.org/themes/default/",
                "issues": "https://github.com/picocms/pico-theme/issues",
                "source": "https://github.com/picocms/pico-theme"
            },
            "time": "2023-01-05T21:58:52+00:00"
        },
        {
            "name": "symfony/deprecation-contracts",
            "version": "v2.5.2",
            "source": {
                "type": "git",
                "url": "https://github.com/symfony/deprecation-contracts.git",
                "reference": "e8b495ea28c1d97b5e0c121748d6f9b53d075c66"
            },
            "dist": {
                "type": "zip",
                "url": "https://api.github.com/repos/symfony/deprecation-contracts/zipball/e8b495ea28c1d97b5e0c121748d6f9b53d075c66",
                "reference": "e8b495ea28c1d97b5e0c121748d6f9b53d075c66",
                "shasum": ""
            },
            "require": {
                "php": ">=7.1"
            },
            "type": "library",
            "extra": {
                "branch-alias": {
                    "dev-main": "2.5-dev"
                },
                "thanks": {
                    "name": "symfony/contracts",
                    "url": "https://github.com/symfony/contracts"
                }
            },
            "autoload": {
                "files": [
                    "function.php"
                ]
            },
            "notification-url": "https://packagist.org/downloads/",
            "license": [
                "MIT"
            ],
            "authors": [
                {
                    "name": "Nicolas Grekas",
                    "email": "p@tchwork.com"
                },
                {
                    "name": "Symfony Community",
                    "homepage": "https://symfony.com/contributors"
                }
            ],
            "description": "A generic function and convention to trigger deprecation notices",
            "homepage": "https://symfony.com",
            "support": {
                "source": "https://github.com/symfony/deprecation-contracts/tree/v2.5.2"
            },
            "funding": [
                {
                    "url": "https://symfony.com/sponsor",
                    "type": "custom"
                },
                {
                    "url": "https://github.com/fabpot",
                    "type": "github"
                },
                {
                    "url": "https://tidelift.com/funding/github/packagist/symfony/symfony",
                    "type": "tidelift"
                }
            ],
            "time": "2022-01-02T09:53:40+00:00"
        },
        {
            "name": "symfony/polyfill-ctype",
            "version": "v1.28.0",
            "source": {
                "type": "git",
                "url": "https://github.com/symfony/polyfill-ctype.git",
                "reference": "ea208ce43cbb04af6867b4fdddb1bdbf84cc28cb"
            },
            "dist": {
                "type": "zip",
                "url": "https://api.github.com/repos/symfony/polyfill-ctype/zipball/ea208ce43cbb04af6867b4fdddb1bdbf84cc28cb",
                "reference": "ea208ce43cbb04af6867b4fdddb1bdbf84cc28cb",
                "shasum": ""
            },
            "require": {
                "php": ">=7.1"
            },
            "provide": {
                "ext-ctype": "*"
            },
            "suggest": {
                "ext-ctype": "For best performance"
            },
            "type": "library",
            "extra": {
                "branch-alias": {
                    "dev-main": "1.28-dev"
                },
                "thanks": {
                    "name": "symfony/polyfill",
                    "url": "https://github.com/symfony/polyfill"
                }
            },
            "autoload": {
                "files": [
                    "bootstrap.php"
                ],
                "psr-4": {
                    "Symfony\\Polyfill\\Ctype\\": ""
                }
            },
            "notification-url": "https://packagist.org/downloads/",
            "license": [
                "MIT"
            ],
            "authors": [
                {
                    "name": "Gert de Pagter",
                    "email": "BackEndTea@gmail.com"
                },
                {
                    "name": "Symfony Community",
                    "homepage": "https://symfony.com/contributors"
                }
            ],
            "description": "Symfony polyfill for ctype functions",
            "homepage": "https://symfony.com",
            "keywords": [
                "compatibility",
                "ctype",
                "polyfill",
                "portable"
            ],
            "support": {
                "source": "https://github.com/symfony/polyfill-ctype/tree/v1.28.0"
            },
            "funding": [
                {
                    "url": "https://symfony.com/sponsor",
                    "type": "custom"
                },
                {
                    "url": "https://github.com/fabpot",
                    "type": "github"
                },
                {
                    "url": "https://tidelift.com/funding/github/packagist/symfony/symfony",
                    "type": "tidelift"
                }
            ],
            "time": "2023-01-26T09:26:14+00:00"
        },
        {
            "name": "symfony/polyfill-mbstring",
            "version": "v1.28.0",
            "source": {
                "type": "git",
                "url": "https://github.com/symfony/polyfill-mbstring.git",
                "reference": "42292d99c55abe617799667f454222c54c60e229"
            },
            "dist": {
                "type": "zip",
                "url": "https://api.github.com/repos/symfony/polyfill-mbstring/zipball/42292d99c55abe617799667f454222c54c60e229",
                "reference": "42292d99c55abe617799667f454222c54c60e229",
                "shasum": ""
            },
            "require": {
                "php": ">=7.1"
            },
            "provide": {
                "ext-mbstring": "*"
            },
            "suggest": {
                "ext-mbstring": "For best performance"
            },
            "type": "library",
            "extra": {
                "branch-alias": {
                    "dev-main": "1.28-dev"
                },
                "thanks": {
                    "name": "symfony/polyfill",
                    "url": "https://github.com/symfony/polyfill"
                }
            },
            "autoload": {
                "files": [
                    "bootstrap.php"
                ],
                "psr-4": {
                    "Symfony\\Polyfill\\Mbstring\\": ""
                }
            },
            "notification-url": "https://packagist.org/downloads/",
            "license": [
                "MIT"
            ],
            "authors": [
                {
                    "name": "Nicolas Grekas",
                    "email": "p@tchwork.com"
                },
                {
                    "name": "Symfony Community",
                    "homepage": "https://symfony.com/contributors"
                }
            ],
            "description": "Symfony polyfill for the Mbstring extension",
            "homepage": "https://symfony.com",
            "keywords": [
                "compatibility",
                "mbstring",
                "polyfill",
                "portable",
                "shim"
            ],
            "support": {
                "source": "https://github.com/symfony/polyfill-mbstring/tree/v1.28.0"
            },
            "funding": [
                {
                    "url": "https://symfony.com/sponsor",
                    "type": "custom"
                },
                {
                    "url": "https://github.com/fabpot",
                    "type": "github"
                },
                {
                    "url": "https://tidelift.com/funding/github/packagist/symfony/symfony",
                    "type": "tidelift"
                }
            ],
            "time": "2023-07-28T09:04:16+00:00"
        },
        {
            "name": "symfony/polyfill-php80",
            "version": "v1.28.0",
            "source": {
                "type": "git",
                "url": "https://github.com/symfony/polyfill-php80.git",
                "reference": "6caa57379c4aec19c0a12a38b59b26487dcfe4b5"
            },
            "dist": {
                "type": "zip",
                "url": "https://api.github.com/repos/symfony/polyfill-php80/zipball/6caa57379c4aec19c0a12a38b59b26487dcfe4b5",
                "reference": "6caa57379c4aec19c0a12a38b59b26487dcfe4b5",
                "shasum": ""
            },
            "require": {
                "php": ">=7.1"
            },
            "type": "library",
            "extra": {
                "branch-alias": {
                    "dev-main": "1.28-dev"
                },
                "thanks": {
                    "name": "symfony/polyfill",
                    "url": "https://github.com/symfony/polyfill"
                }
            },
            "autoload": {
                "files": [
                    "bootstrap.php"
                ],
                "psr-4": {
                    "Symfony\\Polyfill\\Php80\\": ""
                },
                "classmap": [
                    "Resources/stubs"
                ]
            },
            "notification-url": "https://packagist.org/downloads/",
            "license": [
                "MIT"
            ],
            "authors": [
                {
                    "name": "Ion Bazan",
                    "email": "ion.bazan@gmail.com"
                },
                {
                    "name": "Nicolas Grekas",
                    "email": "p@tchwork.com"
                },
                {
                    "name": "Symfony Community",
                    "homepage": "https://symfony.com/contributors"
                }
            ],
            "description": "Symfony polyfill backporting some PHP 8.0+ features to lower PHP versions",
            "homepage": "https://symfony.com",
            "keywords": [
                "compatibility",
                "polyfill",
                "portable",
                "shim"
            ],
            "support": {
                "source": "https://github.com/symfony/polyfill-php80/tree/v1.28.0"
            },
            "funding": [
                {
                    "url": "https://symfony.com/sponsor",
                    "type": "custom"
                },
                {
                    "url": "https://github.com/fabpot",
                    "type": "github"
                },
                {
                    "url": "https://tidelift.com/funding/github/packagist/symfony/symfony",
                    "type": "tidelift"
                }
            ],
            "time": "2023-01-26T09:26:14+00:00"
        },
        {
            "name": "symfony/yaml",
            "version": "v5.4.31",
            "source": {
                "type": "git",
                "url": "https://github.com/symfony/yaml.git",
                "reference": "f387675d7f5fc4231f7554baa70681f222f73563"
            },
            "dist": {
                "type": "zip",
                "url": "https://api.github.com/repos/symfony/yaml/zipball/f387675d7f5fc4231f7554baa70681f222f73563",
                "reference": "f387675d7f5fc4231f7554baa70681f222f73563",
                "shasum": ""
            },
            "require": {
                "php": ">=7.2.5",
                "symfony/deprecation-contracts": "^2.1|^3",
                "symfony/polyfill-ctype": "^1.8"
            },
            "conflict": {
                "symfony/console": "<5.3"
            },
            "require-dev": {
                "symfony/console": "^5.3|^6.0"
            },
            "suggest": {
                "symfony/console": "For validating YAML files using the lint command"
            },
            "bin": [
                "Resources/bin/yaml-lint"
            ],
            "type": "library",
            "autoload": {
                "psr-4": {
                    "Symfony\\Component\\Yaml\\": ""
                },
                "exclude-from-classmap": [
                    "/Tests/"
                ]
            },
            "notification-url": "https://packagist.org/downloads/",
            "license": [
                "MIT"
            ],
            "authors": [
                {
                    "name": "Fabien Potencier",
                    "email": "fabien@symfony.com"
                },
                {
                    "name": "Symfony Community",
                    "homepage": "https://symfony.com/contributors"
                }
            ],
            "description": "Loads and dumps YAML files",
            "homepage": "https://symfony.com",
            "support": {
                "source": "https://github.com/symfony/yaml/tree/v5.4.31"
            },
            "funding": [
                {
                    "url": "https://symfony.com/sponsor",
                    "type": "custom"
                },
                {
                    "url": "https://github.com/fabpot",
                    "type": "github"
                },
                {
                    "url": "https://tidelift.com/funding/github/packagist/symfony/symfony",
                    "type": "tidelift"
                }
            ],
            "time": "2023-11-03T14:41:28+00:00"
        },
        {
            "name": "twig/twig",
            "version": "v3.8.0",
            "source": {
                "type": "git",
                "url": "https://github.com/twigphp/Twig.git",
                "reference": "9d15f0ac07f44dc4217883ec6ae02fd555c6f71d"
            },
            "dist": {
                "type": "zip",
                "url": "https://api.github.com/repos/twigphp/Twig/zipball/9d15f0ac07f44dc4217883ec6ae02fd555c6f71d",
                "reference": "9d15f0ac07f44dc4217883ec6ae02fd555c6f71d",
                "shasum": ""
            },
            "require": {
                "php": ">=7.2.5",
                "symfony/polyfill-ctype": "^1.8",
                "symfony/polyfill-mbstring": "^1.3",
                "symfony/polyfill-php80": "^1.22"
            },
            "require-dev": {
                "psr/container": "^1.0|^2.0",
                "symfony/phpunit-bridge": "^5.4.9|^6.3|^7.0"
            },
            "type": "library",
            "autoload": {
                "psr-4": {
                    "Twig\\": "src/"
                }
            },
            "notification-url": "https://packagist.org/downloads/",
            "license": [
                "BSD-3-Clause"
            ],
            "authors": [
                {
                    "name": "Fabien Potencier",
                    "email": "fabien@symfony.com",
                    "homepage": "http://fabien.potencier.org",
                    "role": "Lead Developer"
                },
                {
                    "name": "Twig Team",
                    "role": "Contributors"
                },
                {
                    "name": "Armin Ronacher",
                    "email": "armin.ronacher@active-4.com",
                    "role": "Project Founder"
                }
            ],
            "description": "Twig, the flexible, fast, and secure template language for PHP",
            "homepage": "https://twig.symfony.com",
            "keywords": [
                "templating"
            ],
            "support": {
                "issues": "https://github.com/twigphp/Twig/issues",
                "source": "https://github.com/twigphp/Twig/tree/v3.8.0"
            },
            "funding": [
                {
                    "url": "https://github.com/fabpot",
                    "type": "github"
                },
                {
                    "url": "https://tidelift.com/funding/github/packagist/twig/twig",
                    "type": "tidelift"
                }
            ],
            "time": "2023-11-21T18:54:41+00:00"
        }
    ],
    "packages-dev": [],
    "aliases": [
        {
            "package": "erusev/parsedown",
            "version": "2.0.0.0-beta1",
            "alias": "1.7.4",
            "alias_normalized": "1.7.4.0"
        },
        {
            "package": "erusev/parsedown-extra",
            "version": "2.0.0.0-beta1",
            "alias": "0.8.1",
            "alias_normalized": "0.8.1.0"
        }
    ],
    "minimum-stability": "dev",
    "stability-flags": {
        "j9rem/lehyen-skang-app": 20,
        "picocms/composer-installer": 20,
        "picocms/pico-theme": 20
    },
    "prefer-stable": true,
    "prefer-lowest": false,
    "platform": {
        "php": "^7.4||^8.1",
        "ext-dom": "*",
        "ext-filter": "*",
        "ext-json": "*",
        "ext-mbstring": "*",
        "ext-pcre": "*"
    },
    "platform-dev": [],
    "platform-overrides": {
        "php": "7.4"
    },
    "plugin-api-version": "2.6.0"
}
